
Microsoft Visual Studio Solution File, Format Version 12.00
# Visual Studio Version 17
VisualStudioVersion = 17.11.35222.181
MinimumVisualStudioVersion = 10.0.40219.1
Project("{FAE04EC0-301F-11D3-BF4B-00C04F79EFBC}") = "Less11", "Less11\Less11.csproj", "{23AE1617-BF5B-4480-A4DA-8EC3A4AB708C}"
EndProject
Global
	GlobalSection(SolutionConfigurationPlatforms) = preSolution
		Debug|Any CPU = Debug|Any CPU
		Release|Any CPU = Release|Any CPU
	EndGlobalSection
	GlobalSection(ProjectConfigurationPlatforms) = postSolution
		{23AE1617-BF5B-4480-A4DA-8EC3A4AB708C}.Debug|Any CPU.ActiveCfg = Debug|Any CPU
		{23AE1617-BF5B-4480-A4DA-8EC3A4AB708C}.Debug|Any CPU.Build.0 = Debug|Any CPU
		{23AE1617-BF5B-4480-A4DA-8EC3A4AB708C}.Release|Any CPU.ActiveCfg = Release|Any CPU
		{23AE1617-BF5B-4480-A4DA-8EC3A4AB708C}.Release|Any CPU.Build.0 = Release|Any CPU
	EndGlobalSection
	GlobalSection(SolutionProperties) = preSolution
		HideSolutionNode = FALSE
	EndGlobalSection
	GlobalSection(ExtensibilityGlobals) = postSolution
		SolutionGuid = {B4D457C6-565C-4681-8587-A7360B7C4511}
	EndGlobalSection
EndGlobal
